
Microsoft Visual Studio Solution File, Format Version 12.00
Project("{FAE04EC0-301F-11D3-BF4B-00C04F79EFBC}") = "KolekcjonerAPI", "KolekcjonerAPI\KolekcjonerAPI.csproj", "{E8022E6A-7E47-471C-B820-980CC65768CF}"
EndProject
Project("{FAE04EC0-301F-11D3-BF4B-00C04F79EFBC}") = "KolekcjonerModel", "KolekcjonerModel\KolekcjonerModel.csproj", "{24BDBC98-B18A-4EA6-8661-6532306C96E6}"
EndProject
Global
	GlobalSection(SolutionConfigurationPlatforms) = preSolution
		Debug|Any CPU = Debug|Any CPU
		Release|Any CPU = Release|Any CPU
	EndGlobalSection
	GlobalSection(ProjectConfigurationPlatforms) = postSolution
		{E8022E6A-7E47-471C-B820-980CC65768CF}.Debug|Any CPU.ActiveCfg = Debug|Any CPU
		{E8022E6A-7E47-471C-B820-980CC65768CF}.Debug|Any CPU.Build.0 = Debug|Any CPU
		{E8022E6A-7E47-471C-B820-980CC65768CF}.Release|Any CPU.ActiveCfg = Release|Any CPU
		{E8022E6A-7E47-471C-B820-980CC65768CF}.Release|Any CPU.Build.0 = Release|Any CPU
		{24BDBC98-B18A-4EA6-8661-6532306C96E6}.Debug|Any CPU.ActiveCfg = Debug|Any CPU
		{24BDBC98-B18A-4EA6-8661-6532306C96E6}.Debug|Any CPU.Build.0 = Debug|Any CPU
		{24BDBC98-B18A-4EA6-8661-6532306C96E6}.Release|Any CPU.ActiveCfg = Release|Any CPU
		{24BDBC98-B18A-4EA6-8661-6532306C96E6}.Release|Any CPU.Build.0 = Release|Any CPU
	EndGlobalSection
EndGlobal
